{
  "object": {
    "pins": [
      {
        "package": "Alamofire",
        "repositoryURL": "https://github.com/Alamofire/Alamofire.git",
        "state": {
          "branch": null,
          "revision": "2fb881a1702cb1976c36192aceb54dcedab6fdc2",
          "version": "4.7.2"
        }
      },
      {
        "package": "SwiftCLI",
        "repositoryURL": "https://github.com/jakeheis/SwiftCLI",
        "state": {
          "branch": null,
          "revision": "5ff6ad3f547f83bd9a0b282be93330feb1fbf72d",
          "version": "5.1.0"
        }
      }
    ]
  },
  "version": 1
}
